
Microsoft Visual Studio Solution File, Format Version 12.00
# Visual Studio 15
VisualStudioVersion = 15.0.27004.2006
MinimumVisualStudioVersion = 10.0.40219.1
Project("{8BC9CEB8-8B4A-11D0-8D11-00A0C91BC942}") = "Instrukcja I", "Instrukcja I\Instrukcja I.vcxproj", "{56E8E9E5-2050-4387-9725-BD7627F3B8AF}"
EndProject
Global
	GlobalSection(SolutionConfigurationPlatforms) = preSolution
		Debug|x64 = Debug|x64
		Debug|x86 = Debug|x86
		Release|x64 = Release|x64
		Release|x86 = Release|x86
	EndGlobalSection
	GlobalSection(ProjectConfigurationPlatforms) = postSolution
		{56E8E9E5-2050-4387-9725-BD7627F3B8AF}.Debug|x64.ActiveCfg = Debug|x64
		{56E8E9E5-2050-4387-9725-BD7627F3B8AF}.Debug|x64.Build.0 = Debug|x64
		{56E8E9E5-2050-4387-9725-BD7627F3B8AF}.Debug|x86.ActiveCfg = Debug|Win32
		{56E8E9E5-2050-4387-9725-BD7627F3B8AF}.Debug|x86.Build.0 = Debug|Win32
		{56E8E9E5-2050-4387-9725-BD7627F3B8AF}.Release|x64.ActiveCfg = Release|x64
		{56E8E9E5-2050-4387-9725-BD7627F3B8AF}.Release|x64.Build.0 = Release|x64
		{56E8E9E5-2050-4387-9725-BD7627F3B8AF}.Release|x86.ActiveCfg = Release|Win32
		{56E8E9E5-2050-4387-9725-BD7627F3B8AF}.Release|x86.Build.0 = Release|Win32
	EndGlobalSection
	GlobalSection(SolutionProperties) = preSolution
		HideSolutionNode = FALSE
	EndGlobalSection
	GlobalSection(ExtensibilityGlobals) = postSolution
		SolutionGuid = {48CAB106-2E0B-4993-8818-A8B81612802E}
	EndGlobalSection
EndGlobal
